// !$*UTF8*$!
{
	archiveVersion = 1;
	classes = {
	};
	objectVersion = 51;
	objects = {

/* Begin PBXBuildFile section */
		5D43676726130A25001317F0 /* _5_Universe_Facts_Tests.swift in Sources */ = {isa = PBXBuildFile; fileRef = 5D43676626130A25001317F0 /* _5_Universe_Facts_Tests.swift */; };
		5D436770261310C2001317F0 /* StoryDescription.json in Resources */ = {isa = PBXBuildFile; fileRef = 5D63A5032600CC6500BC67F4 /* StoryDescription.json */; };
		5D43677426131914001317F0 /* Assets.xcassets in Resources */ = {isa = PBXBuildFile; fileRef = 5D43677326131914001317F0 /* Assets.xcassets */; };
		5D63A5042600CC6500BC67F4 /* StoryDescription.json in Resources */ = {isa = PBXBuildFile; fileRef = 5D63A5032600CC6500BC67F4 /* StoryDescription.json */; };
		5D63A50D26023DBB00BC67F4 /* BokenEngine.framework in Frameworks */ = {isa = PBXBuildFile; fileRef = 5D63A50C26023DBB00BC67F4 /* BokenEngine.framework */; };
		5D6A4D9025EE74EF0045DAFF /* AppDelegate.swift in Sources */ = {isa = PBXBuildFile; fileRef = 5D6A4D8F25EE74EF0045DAFF /* AppDelegate.swift */; };
		5D6A4D9225EE74EF0045DAFF /* ViewController.swift in Sources */ = {isa = PBXBuildFile; fileRef = 5D6A4D9125EE74EF0045DAFF /* ViewController.swift */; };
		5D6A4D9525EE74EF0045DAFF /* Main.storyboard in Resources */ = {isa = PBXBuildFile; fileRef = 5D6A4D9325EE74EF0045DAFF /* Main.storyboard */; };
		5D6A4D9A25EE74F10045DAFF /* LaunchScreen.storyboard in Resources */ = {isa = PBXBuildFile; fileRef = 5D6A4D9825EE74F10045DAFF /* LaunchScreen.storyboard */; };
/* End PBXBuildFile section */

/* Begin PBXContainerItemProxy section */
		5D43676926130A25001317F0 /* PBXContainerItemProxy */ = {
			isa = PBXContainerItemProxy;
			containerPortal = 5D6A4D8425EE74EF0045DAFF /* Project object */;
			proxyType = 1;
			remoteGlobalIDString = 5D6A4D8B25EE74EF0045DAFF;
			remoteInfo = "15 Universe Facts";
		};
/* End PBXContainerItemProxy section */

/* Begin PBXCopyFilesBuildPhase section */
		5D63A5072602372500BC67F4 /* Embed Frameworks */ = {
			isa = PBXCopyFilesBuildPhase;
			buildActionMask = 2147483647;
			dstPath = "";
			dstSubfolderSpec = 10;
			files = (
			);
			name = "Embed Frameworks";
			runOnlyForDeploymentPostprocessing = 0;
		};
/* End PBXCopyFilesBuildPhase section */

/* Begin PBXFileReference section */
		5D43676426130A25001317F0 /* 15 Universe Facts Tests.xctest */ = {isa = PBXFileReference; explicitFileType = wrapper.cfbundle; includeInIndex = 0; path = "15 Universe Facts Tests.xctest"; sourceTree = BUILT_PRODUCTS_DIR; };
		5D43676626130A25001317F0 /* _5_Universe_Facts_Tests.swift */ = {isa = PBXFileReference; lastKnownFileType = sourcecode.swift; path = _5_Universe_Facts_Tests.swift; sourceTree = "<group>"; };
		5D43676826130A25001317F0 /* Info.plist */ = {isa = PBXFileReference; lastKnownFileType = text.plist.xml; path = Info.plist; sourceTree = "<group>"; };
		5D43676F26130DCE001317F0 /* Assets.xcassets */ = {isa = PBXFileReference; lastKnownFileType = folder.assetcatalog; name = Assets.xcassets; path = "15 Universe Facts Tests/Assets.xcassets"; sourceTree = SOURCE_ROOT; };
		5D43677326131914001317F0 /* Assets.xcassets */ = {isa = PBXFileReference; lastKnownFileType = folder.assetcatalog; path = Assets.xcassets; sourceTree = "<group>"; };
		5D63A5032600CC6500BC67F4 /* StoryDescription.json */ = {isa = PBXFileReference; fileEncoding = 4; lastKnownFileType = text.json; path = StoryDescription.json; sourceTree = "<group>"; };
		5D63A50C26023DBB00BC67F4 /* BokenEngine.framework */ = {isa = PBXFileReference; lastKnownFileType = wrapper.framework; name = BokenEngine.framework; path = Carthage/Build/iOS/BokenEngine.framework; sourceTree = "<group>"; };
		5D6A4D8C25EE74EF0045DAFF /* 15 Universe Facts.app */ = {isa = PBXFileReference; explicitFileType = wrapper.application; includeInIndex = 0; path = "15 Universe Facts.app"; sourceTree = BUILT_PRODUCTS_DIR; };
		5D6A4D8F25EE74EF0045DAFF /* AppDelegate.swift */ = {isa = PBXFileReference; lastKnownFileType = sourcecode.swift; path = AppDelegate.swift; sourceTree = "<group>"; };
		5D6A4D9125EE74EF0045DAFF /* ViewController.swift */ = {isa = PBXFileReference; lastKnownFileType = sourcecode.swift; path = ViewController.swift; sourceTree = "<group>"; };
		5D6A4D9425EE74EF0045DAFF /* Base */ = {isa = PBXFileReference; lastKnownFileType = file.storyboard; name = Base; path = Base.lproj/Main.storyboard; sourceTree = "<group>"; };
		5D6A4D9925EE74F10045DAFF /* Base */ = {isa = PBXFileReference; lastKnownFileType = file.storyboard; name = Base; path = Base.lproj/LaunchScreen.storyboard; sourceTree = "<group>"; };
		5D6A4D9B25EE74F10045DAFF /* Info.plist */ = {isa = PBXFileReference; lastKnownFileType = text.plist.xml; path = Info.plist; sourceTree = "<group>"; };
/* End PBXFileReference section */

/* Begin PBXFrameworksBuildPhase section */
		5D43676126130A25001317F0 /* Frameworks */ = {
			isa = PBXFrameworksBuildPhase;
			buildActionMask = 2147483647;
			files = (
			);
			runOnlyForDeploymentPostprocessing = 0;
		};
		5D6A4D8925EE74EF0045DAFF /* Frameworks */ = {
			isa = PBXFrameworksBuildPhase;
			buildActionMask = 2147483647;
			files = (
				5D63A50D26023DBB00BC67F4 /* BokenEngine.framework in Frameworks */,
			);
			runOnlyForDeploymentPostprocessing = 0;
		};
/* End PBXFrameworksBuildPhase section */

/* Begin PBXGroup section */
		5D43676526130A25001317F0 /* 15 Universe Facts Tests */ = {
			isa = PBXGroup;
			children = (
				5D43676626130A25001317F0 /* _5_Universe_Facts_Tests.swift */,
				5D43676826130A25001317F0 /* Info.plist */,
			);
			path = "15 Universe Facts Tests";
			sourceTree = "<group>";
		};
		5D6A4D8325EE74EF0045DAFF = {
			isa = PBXGroup;
			children = (
				5D6A4D8E25EE74EF0045DAFF /* 15 Universe Facts */,
				5D43676526130A25001317F0 /* 15 Universe Facts Tests */,
				5D6A4D8D25EE74EF0045DAFF /* Products */,
				5D6A4DA125EE76500045DAFF /* Frameworks */,
			);
			sourceTree = "<group>";
		};
		5D6A4D8D25EE74EF0045DAFF /* Products */ = {
			isa = PBXGroup;
			children = (
				5D6A4D8C25EE74EF0045DAFF /* 15 Universe Facts.app */,
				5D43676426130A25001317F0 /* 15 Universe Facts Tests.xctest */,
			);
			name = Products;
			sourceTree = "<group>";
		};
		5D6A4D8E25EE74EF0045DAFF /* 15 Universe Facts */ = {
			isa = PBXGroup;
			children = (
				5D6A4D8F25EE74EF0045DAFF /* AppDelegate.swift */,
				5D6A4D9125EE74EF0045DAFF /* ViewController.swift */,
				5D6A4D9325EE74EF0045DAFF /* Main.storyboard */,
				5D43676F26130DCE001317F0 /* Assets.xcassets */,
				5D63A5032600CC6500BC67F4 /* StoryDescription.json */,
				5D43677326131914001317F0 /* Assets.xcassets */,
				5D6A4D9825EE74F10045DAFF /* LaunchScreen.storyboard */,
				5D6A4D9B25EE74F10045DAFF /* Info.plist */,
			);
			path = "15 Universe Facts";
			sourceTree = "<group>";
		};
		5D6A4DA125EE76500045DAFF /* Frameworks */ = {
			isa = PBXGroup;
			children = (
				5D63A50C26023DBB00BC67F4 /* BokenEngine.framework */,
			);
			name = Frameworks;
			sourceTree = "<group>";
		};
/* End PBXGroup section */

/* Begin PBXNativeTarget section */
		5D43676326130A25001317F0 /* 15 Universe Facts Tests */ = {
			isa = PBXNativeTarget;
			buildConfigurationList = 5D43676D26130A25001317F0 /* Build configuration list for PBXNativeTarget "15 Universe Facts Tests" */;
			buildPhases = (
				5D43676026130A25001317F0 /* Sources */,
				5D43676126130A25001317F0 /* Frameworks */,
				5D43676226130A25001317F0 /* Resources */,
			);
			buildRules = (
			);
			dependencies = (
				5D43676A26130A25001317F0 /* PBXTargetDependency */,
			);
			name = "15 Universe Facts Tests";
			productName = "15 Universe Facts Tests";
			productReference = 5D43676426130A25001317F0 /* 15 Universe Facts Tests.xctest */;
			productType = "com.apple.product-type.bundle.unit-test";
		};
		5D6A4D8B25EE74EF0045DAFF /* 15 Universe Facts */ = {
			isa = PBXNativeTarget;
			buildConfigurationList = 5D6A4D9E25EE74F10045DAFF /* Build configuration list for PBXNativeTarget "15 Universe Facts" */;
			buildPhases = (
				5D6A4D8825EE74EF0045DAFF /* Sources */,
				5D6A4D8925EE74EF0045DAFF /* Frameworks */,
				5D6A4D8A25EE74EF0045DAFF /* Resources */,
				5D6A4DA625EE78520045DAFF /* Run Script */,
				5D63A5072602372500BC67F4 /* Embed Frameworks */,
			);
			buildRules = (
			);
			dependencies = (
			);
			name = "15 Universe Facts";
			productName = "15 Universe Facts";
			productReference = 5D6A4D8C25EE74EF0045DAFF /* 15 Universe Facts.app */;
			productType = "com.apple.product-type.application";
		};
/* End PBXNativeTarget section */

/* Begin PBXProject section */
		5D6A4D8425EE74EF0045DAFF /* Project object */ = {
			isa = PBXProject;
			attributes = {
				LastSwiftUpdateCheck = 1010;
				LastUpgradeCheck = 1010;
				ORGANIZATIONNAME = Hyve;
				TargetAttributes = {
					5D43676326130A25001317F0 = {
						CreatedOnToolsVersion = 10.1;
					};
					5D6A4D8B25EE74EF0045DAFF = {
						CreatedOnToolsVersion = 10.1;
					};
				};
			};
			buildConfigurationList = 5D6A4D8725EE74EF0045DAFF /* Build configuration list for PBXProject "15 Universe Facts" */;
			compatibilityVersion = "Xcode 9.3";
			developmentRegion = en;
			hasScannedForEncodings = 0;
			knownRegions = (
				en,
				Base,
			);
			mainGroup = 5D6A4D8325EE74EF0045DAFF;
			productRefGroup = 5D6A4D8D25EE74EF0045DAFF /* Products */;
			projectDirPath = "";
			projectRoot = "";
			targets = (
				5D6A4D8B25EE74EF0045DAFF /* 15 Universe Facts */,
				5D43676326130A25001317F0 /* 15 Universe Facts Tests */,
			);
		};
/* End PBXProject section */

/* Begin PBXResourcesBuildPhase section */
		5D43676226130A25001317F0 /* Resources */ = {
			isa = PBXResourcesBuildPhase;
			buildActionMask = 2147483647;
			files = (
				5D436770261310C2001317F0 /* StoryDescription.json in Resources */,
			);
			runOnlyForDeploymentPostprocessing = 0;
		};
		5D6A4D8A25EE74EF0045DAFF /* Resources */ = {
			isa = PBXResourcesBuildPhase;
			buildActionMask = 2147483647;
			files = (
				5D6A4D9A25EE74F10045DAFF /* LaunchScreen.storyboard in Resources */,
				5D63A5042600CC6500BC67F4 /* StoryDescription.json in Resources */,
				5D43677426131914001317F0 /* Assets.xcassets in Resources */,
				5D6A4D9525EE74EF0045DAFF /* Main.storyboard in Resources */,
			);
			runOnlyForDeploymentPostprocessing = 0;
		};
/* End PBXResourcesBuildPhase section */

/* Begin PBXShellScriptBuildPhase section */
		5D6A4DA625EE78520045DAFF /* Run Script */ = {
			isa = PBXShellScriptBuildPhase;
			buildActionMask = 2147483647;
			files = (
			);
			inputFileListPaths = (
				"$(SRCROOT)/input.xcfilelist",
			);
			inputPaths = (
			);
			name = "Run Script";
			outputFileListPaths = (
				"$(SRCROOT)/output.xcfilelist",
			);
			outputPaths = (
			);
			runOnlyForDeploymentPostprocessing = 0;
			shellPath = /bin/sh;
			shellScript = "# Type a script or drag a script file from your workspace to insert its path.\n/usr/local/bin/carthage copy-frameworks\n";
		};
/* End PBXShellScriptBuildPhase section */

/* Begin PBXSourcesBuildPhase section */
		5D43676026130A25001317F0 /* Sources */ = {
			isa = PBXSourcesBuildPhase;
			buildActionMask = 2147483647;
			files = (
				5D43676726130A25001317F0 /* _5_Universe_Facts_Tests.swift in Sources */,
			);
			runOnlyForDeploymentPostprocessing = 0;
		};
		5D6A4D8825EE74EF0045DAFF /* Sources */ = {
			isa = PBXSourcesBuildPhase;
			buildActionMask = 2147483647;
			files = (
				5D6A4D9225EE74EF0045DAFF /* ViewController.swift in Sources */,
				5D6A4D9025EE74EF0045DAFF /* AppDelegate.swift in Sources */,
			);
			runOnlyForDeploymentPostprocessing = 0;
		};
/* End PBXSourcesBuildPhase section */

/* Begin PBXTargetDependency section */
		5D43676A26130A25001317F0 /* PBXTargetDependency */ = {
			isa = PBXTargetDependency;
			target = 5D6A4D8B25EE74EF0045DAFF /* 15 Universe Facts */;
			targetProxy = 5D43676926130A25001317F0 /* PBXContainerItemProxy */;
		};
/* End PBXTargetDependency section */

/* Begin PBXVariantGroup section */
		5D6A4D9325EE74EF0045DAFF /* Main.storyboard */ = {
			isa = PBXVariantGroup;
			children = (
				5D6A4D9425EE74EF0045DAFF /* Base */,
			);
			name = Main.storyboard;
			sourceTree = "<group>";
		};
		5D6A4D9825EE74F10045DAFF /* LaunchScreen.storyboard */ = {
			isa = PBXVariantGroup;
			children = (
				5D6A4D9925EE74F10045DAFF /* Base */,
			);
			name = LaunchScreen.storyboard;
			sourceTree = "<group>";
		};
/* End PBXVariantGroup section */

/* Begin XCBuildConfiguration section */
		5D43676B26130A25001317F0 /* Debug */ = {
			isa = XCBuildConfiguration;
			buildSettings = {
				CODE_SIGN_STYLE = Automatic;
				DEVELOPMENT_TEAM = QF53849G49;
				INFOPLIST_FILE = "15 Universe Facts Tests/Info.plist";
				LD_RUNPATH_SEARCH_PATHS = (
					"$(inherited)",
					"@executable_path/Frameworks",
					"@loader_path/Frameworks",
				);
				PRODUCT_BUNDLE_IDENTIFIER = "com.hyve.-5-Universe-Facts-Tests";
				PRODUCT_NAME = "$(TARGET_NAME)";
				SWIFT_VERSION = 4.2;
				TARGETED_DEVICE_FAMILY = "1,2";
			};
			name = Debug;
		};
		5D43676C26130A25001317F0 /* Release */ = {
			isa = XCBuildConfiguration;
			buildSettings = {
				CODE_SIGN_STYLE = Automatic;
				DEVELOPMENT_TEAM = QF53849G49;
				INFOPLIST_FILE = "15 Universe Facts Tests/Info.plist";
				LD_RUNPATH_SEARCH_PATHS = (
					"$(inherited)",
					"@executable_path/Frameworks",
					"@loader_path/Frameworks",
				);
				PRODUCT_BUNDLE_IDENTIFIER = "com.hyve.-5-Universe-Facts-Tests";
				PRODUCT_NAME = "$(TARGET_NAME)";
				SWIFT_VERSION = 4.2;
				TARGETED_DEVICE_FAMILY = "1,2";
			};
			name = Release;
		};
		5D6A4D9C25EE74F10045DAFF /* Debug */ = {
			isa = XCBuildConfiguration;
			buildSettings = {
				ALWAYS_SEARCH_USER_PATHS = NO;
				CLANG_ANALYZER_NONNULL = YES;
				CLANG_ANALYZER_NUMBER_OBJECT_CONVERSION = YES_AGGRESSIVE;
				CLANG_CXX_LANGUAGE_STANDARD = "gnu++14";
				CLANG_CXX_LIBRARY = "libc++";
				CLANG_ENABLE_MODULES = YES;
				CLANG_ENABLE_OBJC_ARC = YES;
				CLANG_ENABLE_OBJC_WEAK = YES;
				CLANG_WARN_BLOCK_CAPTURE_AUTORELEASING = YES;
				CLANG_WARN_BOOL_CONVERSION = YES;
				CLANG_WARN_COMMA = YES;
				CLANG_WARN_CONSTANT_CONVERSION = YES;
				CLANG_WARN_DEPRECATED_OBJC_IMPLEMENTATIONS = YES;
				CLANG_WARN_DIRECT_OBJC_ISA_USAGE = YES_ERROR;
				CLANG_WARN_DOCUMENTATION_COMMENTS = YES;
				CLANG_WARN_EMPTY_BODY = YES;
				CLANG_WARN_ENUM_CONVERSION = YES;
				CLANG_WARN_INFINITE_RECURSION = YES;
				CLANG_WARN_INT_CONVERSION = YES;
				CLANG_WARN_NON_LITERAL_NULL_CONVERSION = YES;
				CLANG_WARN_OBJC_IMPLICIT_RETAIN_SELF = YES;
				CLANG_WARN_OBJC_LITERAL_CONVERSION = YES;
				CLANG_WARN_OBJC_ROOT_CLASS = YES_ERROR;
				CLANG_WARN_RANGE_LOOP_ANALYSIS = YES;
				CLANG_WARN_STRICT_PROTOTYPES = YES;
				CLANG_WARN_SUSPICIOUS_MOVE = YES;
				CLANG_WARN_UNGUARDED_AVAILABILITY = YES_AGGRESSIVE;
				CLANG_WARN_UNREACHABLE_CODE = YES;
				CLANG_WARN__DUPLICATE_METHOD_MATCH = YES;
				CODE_SIGN_IDENTITY = "iPhone Developer";
				COPY_PHASE_STRIP = NO;
				DEBUG_INFORMATION_FORMAT = dwarf;
				ENABLE_STRICT_OBJC_MSGSEND = YES;
				ENABLE_TESTABILITY = YES;
				GCC_C_LANGUAGE_STANDARD = gnu11;
				GCC_DYNAMIC_NO_PIC = NO;
				GCC_NO_COMMON_BLOCKS = YES;
				GCC_OPTIMIZATION_LEVEL = 0;
				GCC_PREPROCESSOR_DEFINITIONS = (
					"DEBUG=1",
					"$(inherited)",
				);
				GCC_WARN_64_TO_32_BIT_CONVERSION = YES;
				GCC_WARN_ABOUT_RETURN_TYPE = YES_ERROR;
				GCC_WARN_UNDECLARED_SELECTOR = YES;
				GCC_WARN_UNINITIALIZED_AUTOS = YES_AGGRESSIVE;
				GCC_WARN_UNUSED_FUNCTION = YES;
				GCC_WARN_UNUSED_VARIABLE = YES;
				IPHONEOS_DEPLOYMENT_TARGET = 12.1;
				MTL_ENABLE_DEBUG_INFO = INCLUDE_SOURCE;
				MTL_FAST_MATH = YES;
				ONLY_ACTIVE_ARCH = YES;
				SDKROOT = iphoneos;
				SWIFT_ACTIVE_COMPILATION_CONDITIONS = DEBUG;
				SWIFT_OPTIMIZATION_LEVEL = "-Onone";
			};
			name = Debug;
		};
		5D6A4D9D25EE74F10045DAFF /* Release */ = {
			isa = XCBuildConfiguration;
			buildSettings = {
				ALWAYS_SEARCH_USER_PATHS = NO;
				CLANG_ANALYZER_NONNULL = YES;
				CLANG_ANALYZER_NUMBER_OBJECT_CONVERSION = YES_AGGRESSIVE;
				CLANG_CXX_LANGUAGE_STANDARD = "gnu++14";
				CLANG_CXX_LIBRARY = "libc++";
				CLANG_ENABLE_MODULES = YES;
				CLANG_ENABLE_OBJC_ARC = YES;
				CLANG_ENABLE_OBJC_WEAK = YES;
				CLANG_WARN_BLOCK_CAPTURE_AUTORELEASING = YES;
				CLANG_WARN_BOOL_CONVERSION = YES;
				CLANG_WARN_COMMA = YES;
				CLANG_WARN_CONSTANT_CONVERSION = YES;
				CLANG_WARN_DEPRECATED_OBJC_IMPLEMENTATIONS = YES;
				CLANG_WARN_DIRECT_OBJC_ISA_USAGE = YES_ERROR;
				CLANG_WARN_DOCUMENTATION_COMMENTS = YES;
				CLANG_WARN_EMPTY_BODY = YES;
				CLANG_WARN_ENUM_CONVERSION = YES;
				CLANG_WARN_INFINITE_RECURSION = YES;
				CLANG_WARN_INT_CONVERSION = YES;
				CLANG_WARN_NON_LITERAL_NULL_CONVERSION = YES;
				CLANG_WARN_OBJC_IMPLICIT_RETAIN_SELF = YES;
				CLANG_WARN_OBJC_LITERAL_CONVERSION = YES;
				CLANG_WARN_OBJC_ROOT_CLASS = YES_ERROR;
				CLANG_WARN_RANGE_LOOP_ANALYSIS = YES;
				CLANG_WARN_STRICT_PROTOTYPES = YES;
				CLANG_WARN_SUSPICIOUS_MOVE = YES;
				CLANG_WARN_UNGUARDED_AVAILABILITY = YES_AGGRESSIVE;
				CLANG_WARN_UNREACHABLE_CODE = YES;
				CLANG_WARN__DUPLICATE_METHOD_MATCH = YES;
				CODE_SIGN_IDENTITY = "iPhone Developer";
				COPY_PHASE_STRIP = NO;
				DEBUG_INFORMATION_FORMAT = "dwarf-with-dsym";
				ENABLE_NS_ASSERTIONS = NO;
				ENABLE_STRICT_OBJC_MSGSEND = YES;
				GCC_C_LANGUAGE_STANDARD = gnu11;
				GCC_NO_COMMON_BLOCKS = YES;
				GCC_WARN_64_TO_32_BIT_CONVERSION = YES;
				GCC_WARN_ABOUT_RETURN_TYPE = YES_ERROR;
				GCC_WARN_UNDECLARED_SELECTOR = YES;
				GCC_WARN_UNINITIALIZED_AUTOS = YES_AGGRESSIVE;
				GCC_WARN_UNUSED_FUNCTION = YES;
				GCC_WARN_UNUSED_VARIABLE = YES;
				IPHONEOS_DEPLOYMENT_TARGET = 12.1;
				MTL_ENABLE_DEBUG_INFO = NO;
				MTL_FAST_MATH = YES;
				SDKROOT = iphoneos;
				SWIFT_COMPILATION_MODE = wholemodule;
				SWIFT_OPTIMIZATION_LEVEL = "-O";
				VALIDATE_PRODUCT = YES;
			};
			name = Release;
		};
		5D6A4D9F25EE74F10045DAFF /* Debug */ = {
			isa = XCBuildConfiguration;
			buildSettings = {
				ASSETCATALOG_COMPILER_APPICON_NAME = AppIcon;
				CODE_SIGN_IDENTITY = "iPhone Developer";
				CODE_SIGN_STYLE = Manual;
				DEVELOPMENT_TEAM = QF53849G49;
				FRAMEWORK_SEARCH_PATHS = (
					"$(inherited)",
					"$(PROJECT_DIR)/Carthage/Build/",
					"$(PROJECT_DIR)/Carthage/Build/iOS",
				);
				INFOPLIST_FILE = "15 Universe Facts/Info.plist";
				LD_RUNPATH_SEARCH_PATHS = (
					"$(inherited)",
					"@executable_path/Frameworks",
				);
				PRODUCT_BUNDLE_IDENTIFIER = "com.hyve.15-universe-facts";
				PRODUCT_NAME = "$(TARGET_NAME)";
				PROVISIONING_PROFILE_SPECIFIER = "15-universe-facts-profile";
				SWIFT_INCLUDE_PATHS = "";
				SWIFT_VERSION = 4.2;
				TARGETED_DEVICE_FAMILY = "1,2";
			};
			name = Debug;
		};
		5D6A4DA025EE74F10045DAFF /* Release */ = {
			isa = XCBuildConfiguration;
			buildSettings = {
				ASSETCATALOG_COMPILER_APPICON_NAME = AppIcon;
				CODE_SIGN_IDENTITY = "iPhone Distribution";
				CODE_SIGN_STYLE = Manual;
				DEVELOPMENT_TEAM = QF53849G49;
				FRAMEWORK_SEARCH_PATHS = (
					"$(inherited)",
					"$(PROJECT_DIR)/Carthage/Build/iOS",
					"$(PROJECT_DIR)/Carthage/Build/",
				);
				INFOPLIST_FILE = "15 Universe Facts/Info.plist";
				LD_RUNPATH_SEARCH_PATHS = (
					"$(inherited)",
					"@executable_path/Frameworks",
				);
				PRODUCT_BUNDLE_IDENTIFIER = "com.hyve.15-universe-facts";
				PRODUCT_NAME = "$(TARGET_NAME)";
				PROVISIONING_PROFILE_SPECIFIER = "15-universe-facts-profile";
				SWIFT_INCLUDE_PATHS = "";
				SWIFT_VERSION = 4.2;
				TARGETED_DEVICE_FAMILY = "1,2";
			};
			name = Release;
		};
/* End XCBuildConfiguration section */

/* Begin XCConfigurationList section */
		5D43676D26130A25001317F0 /* Build configuration list for PBXNativeTarget "15 Universe Facts Tests" */ = {
			isa = XCConfigurationList;
			buildConfigurations = (
				5D43676B26130A25001317F0 /* Debug */,
				5D43676C26130A25001317F0 /* Release */,
			);
			defaultConfigurationIsVisible = 0;
			defaultConfigurationName = Release;
		};
		5D6A4D8725EE74EF0045DAFF /* Build configuration list for PBXProject "15 Universe Facts" */ = {
			isa = XCConfigurationList;
			buildConfigurations = (
				5D6A4D9C25EE74F10045DAFF /* Debug */,
				5D6A4D9D25EE74F10045DAFF /* Release */,
			);
			defaultConfigurationIsVisible = 0;
			defaultConfigurationName = Release;
		};
		5D6A4D9E25EE74F10045DAFF /* Build configuration list for PBXNativeTarget "15 Universe Facts" */ = {
			isa = XCConfigurationList;
			buildConfigurations = (
				5D6A4D9F25EE74F10045DAFF /* Debug */,
				5D6A4DA025EE74F10045DAFF /* Release */,
			);
			defaultConfigurationIsVisible = 0;
			defaultConfigurationName = Release;
		};
/* End XCConfigurationList section */
	};
	rootObject = 5D6A4D8425EE74EF0045DAFF /* Project object */;
}
